
Microsoft Visual Studio Solution File, Format Version 12.00
# Visual Studio Version 17
VisualStudioVersion = 17.12.35707.178
MinimumVisualStudioVersion = 10.0.40219.1
Project("{FAE04EC0-301F-11D3-BF4B-00C04F79EFBC}") = "Smooth.Functions", "src\Smooth.Functions\Smooth.Functions.csproj", "{9BE8C872-250B-49C2-9E86-B9D6DA4FA868}"
EndProject
Project("{FAE04EC0-301F-11D3-BF4B-00C04F79EFBC}") = "Ekzakt.FileChecker", "src\Ekzakt.FileChecker\Ekzakt.FileChecker.csproj", "{53857A04-737E-4100-B036-62208595AD4A}"
EndProject
Project("{FAE04EC0-301F-11D3-BF4B-00C04F79EFBC}") = "Ekzakt.RemoteApiService", "src\Ekzakt.RemoteApiService\Ekzakt.RemoteApiService.csproj", "{FBB9E836-E60E-4F77-B40C-176000F04EE0}"
EndProject
Global
	GlobalSection(SolutionConfigurationPlatforms) = preSolution
		Debug|Any CPU = Debug|Any CPU
		Release|Any CPU = Release|Any CPU
	EndGlobalSection
	GlobalSection(ProjectConfigurationPlatforms) = postSolution
		{9BE8C872-250B-49C2-9E86-B9D6DA4FA868}.Debug|Any CPU.ActiveCfg = Debug|Any CPU
		{9BE8C872-250B-49C2-9E86-B9D6DA4FA868}.Debug|Any CPU.Build.0 = Debug|Any CPU
		{9BE8C872-250B-49C2-9E86-B9D6DA4FA868}.Release|Any CPU.ActiveCfg = Release|Any CPU
		{9BE8C872-250B-49C2-9E86-B9D6DA4FA868}.Release|Any CPU.Build.0 = Release|Any CPU
		{53857A04-737E-4100-B036-62208595AD4A}.Debug|Any CPU.ActiveCfg = Debug|Any CPU
		{53857A04-737E-4100-B036-62208595AD4A}.Debug|Any CPU.Build.0 = Debug|Any CPU
		{53857A04-737E-4100-B036-62208595AD4A}.Release|Any CPU.ActiveCfg = Release|Any CPU
		{53857A04-737E-4100-B036-62208595AD4A}.Release|Any CPU.Build.0 = Release|Any CPU
		{FBB9E836-E60E-4F77-B40C-176000F04EE0}.Debug|Any CPU.ActiveCfg = Debug|Any CPU
		{FBB9E836-E60E-4F77-B40C-176000F04EE0}.Debug|Any CPU.Build.0 = Debug|Any CPU
		{FBB9E836-E60E-4F77-B40C-176000F04EE0}.Release|Any CPU.ActiveCfg = Release|Any CPU
		{FBB9E836-E60E-4F77-B40C-176000F04EE0}.Release|Any CPU.Build.0 = Release|Any CPU
	EndGlobalSection
	GlobalSection(SolutionProperties) = preSolution
		HideSolutionNode = FALSE
	EndGlobalSection
EndGlobal
