
Microsoft Visual Studio Solution File, Format Version 12.00
# Visual Studio Version 17
VisualStudioVersion = 17.12.35707.178
MinimumVisualStudioVersion = 10.0.40219.1
Project("{FAE04EC0-301F-11D3-BF4B-00C04F79EFBC}") = "Smooth.Functions", "src\Smooth.Functions\Smooth.Functions.csproj", "{9BE8C872-250B-49C2-9E86-B9D6DA4FA868}"
EndProject
Project("{FAE04EC0-301F-11D3-BF4B-00C04F79EFBC}") = "Ekzakt.FileChecker", "..\..\Ekzakt.Services\Ekzakt.FileChecker\src\Ekzakt.FileChecker\Ekzakt.FileChecker.csproj", "{727F0769-325E-4EAA-9C41-90CBFAC7469F}"
EndProject
Project("{FAE04EC0-301F-11D3-BF4B-00C04F79EFBC}") = "Ekzakt.RemoteApiService", "..\..\Ekzakt.Services\Ekzakt.RemoteApiService\src\Ekzakt.RemoteApiService\Ekzakt.RemoteApiService.csproj", "{BF8AB878-BAA6-4C2D-9573-E87ED1BEF645}"
EndProject
Global
	GlobalSection(SolutionConfigurationPlatforms) = preSolution
		Debug|Any CPU = Debug|Any CPU
		Release|Any CPU = Release|Any CPU
	EndGlobalSection
	GlobalSection(ProjectConfigurationPlatforms) = postSolution
		{9BE8C872-250B-49C2-9E86-B9D6DA4FA868}.Debug|Any CPU.ActiveCfg = Debug|Any CPU
		{9BE8C872-250B-49C2-9E86-B9D6DA4FA868}.Debug|Any CPU.Build.0 = Debug|Any CPU
		{9BE8C872-250B-49C2-9E86-B9D6DA4FA868}.Release|Any CPU.ActiveCfg = Release|Any CPU
		{9BE8C872-250B-49C2-9E86-B9D6DA4FA868}.Release|Any CPU.Build.0 = Release|Any CPU
		{727F0769-325E-4EAA-9C41-90CBFAC7469F}.Debug|Any CPU.ActiveCfg = Debug|Any CPU
		{727F0769-325E-4EAA-9C41-90CBFAC7469F}.Debug|Any CPU.Build.0 = Debug|Any CPU
		{727F0769-325E-4EAA-9C41-90CBFAC7469F}.Release|Any CPU.ActiveCfg = Release|Any CPU
		{727F0769-325E-4EAA-9C41-90CBFAC7469F}.Release|Any CPU.Build.0 = Release|Any CPU
		{BF8AB878-BAA6-4C2D-9573-E87ED1BEF645}.Debug|Any CPU.ActiveCfg = Debug|Any CPU
		{BF8AB878-BAA6-4C2D-9573-E87ED1BEF645}.Debug|Any CPU.Build.0 = Debug|Any CPU
		{BF8AB878-BAA6-4C2D-9573-E87ED1BEF645}.Release|Any CPU.ActiveCfg = Release|Any CPU
		{BF8AB878-BAA6-4C2D-9573-E87ED1BEF645}.Release|Any CPU.Build.0 = Release|Any CPU
	EndGlobalSection
	GlobalSection(SolutionProperties) = preSolution
		HideSolutionNode = FALSE
	EndGlobalSection
EndGlobal
